// !$*UTF8*$!
{
	archiveVersion = 1;
	classes = {
	};
	objectVersion = 56;
	objects = {

/* Begin PBXBuildFile section */
		5B717E9DDA7E8FF04A2C7ED4 /* Pods_Instagram.framework in Frameworks */ = {isa = PBXBuildFile; fileRef = F406C1CDF0BF3CF286AF1088 /* Pods_Instagram.framework */; };
		C60BA7452B9896FA0037D99B /* EditProfileView.swift in Sources */ = {isa = PBXBuildFile; fileRef = C60BA7442B9896FA0037D99B /* EditProfileView.swift */; };
		C60BA7492B989C9C0037D99B /* EditProfileViewModel.swift in Sources */ = {isa = PBXBuildFile; fileRef = C60BA7482B989C9C0037D99B /* EditProfileViewModel.swift */; };
		C60EF31C2B7E09BD00CB7E06 /* LoginViewModel.swift in Sources */ = {isa = PBXBuildFile; fileRef = C60EF31B2B7E09BD00CB7E06 /* LoginViewModel.swift */; };
		C60EF3222B7E45B000CB7E06 /* SearchViewModel.swift in Sources */ = {isa = PBXBuildFile; fileRef = C60EF3212B7E45B000CB7E06 /* SearchViewModel.swift */; };
		C670F6912B220C0C00EF8D57 /* InstagramApp.swift in Sources */ = {isa = PBXBuildFile; fileRef = C670F6902B220C0C00EF8D57 /* InstagramApp.swift */; };
		C670F6932B220C0C00EF8D57 /* ContentView.swift in Sources */ = {isa = PBXBuildFile; fileRef = C670F6922B220C0C00EF8D57 /* ContentView.swift */; };
		C670F6952B220C0E00EF8D57 /* Assets.xcassets in Resources */ = {isa = PBXBuildFile; fileRef = C670F6942B220C0E00EF8D57 /* Assets.xcassets */; };
		C670F6982B220C0E00EF8D57 /* Preview Assets.xcassets in Resources */ = {isa = PBXBuildFile; fileRef = C670F6972B220C0E00EF8D57 /* Preview Assets.xcassets */; };
		C670F6AA2B22128E00EF8D57 /* MainTabView.swift in Sources */ = {isa = PBXBuildFile; fileRef = C670F6A92B22128E00EF8D57 /* MainTabView.swift */; };
		C670F6AC2B22139800EF8D57 /* ProfileView.swift in Sources */ = {isa = PBXBuildFile; fileRef = C670F6AB2B22139800EF8D57 /* ProfileView.swift */; };
		C670F6AF2B2219A200EF8D57 /* UserStatView.swift in Sources */ = {isa = PBXBuildFile; fileRef = C670F6AE2B2219A200EF8D57 /* UserStatView.swift */; };
		C670F6B12B23110900EF8D57 /* FeedView.swift in Sources */ = {isa = PBXBuildFile; fileRef = C670F6B02B23110900EF8D57 /* FeedView.swift */; };
		C670F6B32B23115D00EF8D57 /* FeedCell.swift in Sources */ = {isa = PBXBuildFile; fileRef = C670F6B22B23115D00EF8D57 /* FeedCell.swift */; };
		C670F6B52B23312900EF8D57 /* SearchView.swift in Sources */ = {isa = PBXBuildFile; fileRef = C670F6B42B23312900EF8D57 /* SearchView.swift */; };
		C670F6B72B23340200EF8D57 /* LoginView.swift in Sources */ = {isa = PBXBuildFile; fileRef = C670F6B62B23340200EF8D57 /* LoginView.swift */; };
		C670F6B92B24B34F00EF8D57 /* AddEmailView.swift in Sources */ = {isa = PBXBuildFile; fileRef = C670F6B82B24B34F00EF8D57 /* AddEmailView.swift */; };
		C670F6BB2B24B6F000EF8D57 /* IGTextFieldModifier.swift in Sources */ = {isa = PBXBuildFile; fileRef = C670F6BA2B24B6F000EF8D57 /* IGTextFieldModifier.swift */; };
		C670F6BD2B24B7FF00EF8D57 /* CreateUsernameView.swift in Sources */ = {isa = PBXBuildFile; fileRef = C670F6BC2B24B7FF00EF8D57 /* CreateUsernameView.swift */; };
		C670F6BF2B24BD7700EF8D57 /* CreatePasswordView.swift in Sources */ = {isa = PBXBuildFile; fileRef = C670F6BE2B24BD7700EF8D57 /* CreatePasswordView.swift */; };
		C670F6C12B24BFD600EF8D57 /* CompletedSignUp.swift in Sources */ = {isa = PBXBuildFile; fileRef = C670F6C02B24BFD600EF8D57 /* CompletedSignUp.swift */; };
		C67666322C009F84008BDD3A /* Timestamp.swift in Sources */ = {isa = PBXBuildFile; fileRef = C67666312C009F84008BDD3A /* Timestamp.swift */; };
		C67666342C00C967008BDD3A /* Constants.swift in Sources */ = {isa = PBXBuildFile; fileRef = C67666332C00C967008BDD3A /* Constants.swift */; };
		C67666362C00CF4E008BDD3A /* ProfileViewModel.swift in Sources */ = {isa = PBXBuildFile; fileRef = C67666352C00CF4E008BDD3A /* ProfileViewModel.swift */; };
		C67666382C00F4ED008BDD3A /* UserList.swift in Sources */ = {isa = PBXBuildFile; fileRef = C67666372C00F4ED008BDD3A /* UserList.swift */; };
		C676663A2C022C00008BDD3A /* UserListView.swift in Sources */ = {isa = PBXBuildFile; fileRef = C67666392C022C00008BDD3A /* UserListView.swift */; };
		C676663C2C022C4E008BDD3A /* UserListViewModel.swift in Sources */ = {isa = PBXBuildFile; fileRef = C676663B2C022C4D008BDD3A /* UserListViewModel.swift */; };
		C683A6622BFCADD200139DC8 /* CircularProfileImageView.swift in Sources */ = {isa = PBXBuildFile; fileRef = C683A6612BFCADD200139DC8 /* CircularProfileImageView.swift */; };
		C683A6662BFCC5FD00139DC8 /* FeedViewModel.swift in Sources */ = {isa = PBXBuildFile; fileRef = C683A6652BFCC5FD00139DC8 /* FeedViewModel.swift */; };
		C683A66A2BFDDB0100139DC8 /* GoogleService-Info.plist in Resources */ = {isa = PBXBuildFile; fileRef = C683A6692BFDDB0100139DC8 /* GoogleService-Info.plist */; };
		C683A66C2BFDE49100139DC8 /* PostGridViewModel.swift in Sources */ = {isa = PBXBuildFile; fileRef = C683A66B2BFDE49100139DC8 /* PostGridViewModel.swift */; };
		C683A66E2BFE14ED00139DC8 /* FeedCellViewModel.swift in Sources */ = {isa = PBXBuildFile; fileRef = C683A66D2BFE14ED00139DC8 /* FeedCellViewModel.swift */; };
		C683A6762BFF5ECC00139DC8 /* CommentsView.swift in Sources */ = {isa = PBXBuildFile; fileRef = C683A6752BFF5ECC00139DC8 /* CommentsView.swift */; };
		C683A6782BFF5ED900139DC8 /* CommentCell.swift in Sources */ = {isa = PBXBuildFile; fileRef = C683A6772BFF5ED900139DC8 /* CommentCell.swift */; };
		C683A67A2BFF650700139DC8 /* Comment.swift in Sources */ = {isa = PBXBuildFile; fileRef = C683A6792BFF650700139DC8 /* Comment.swift */; };
		C683A67C2BFF668900139DC8 /* CommentsViewModel.swift in Sources */ = {isa = PBXBuildFile; fileRef = C683A67B2BFF668900139DC8 /* CommentsViewModel.swift */; };
		C6A851F22BE6707E00118FBE /* MapView.swift in Sources */ = {isa = PBXBuildFile; fileRef = C6A851F12BE6707E00118FBE /* MapView.swift */; };
		C6A851F42BE670F000118FBE /* MapViewModel.swift in Sources */ = {isa = PBXBuildFile; fileRef = C6A851F32BE670F000118FBE /* MapViewModel.swift */; };
		C6A851F62BE6714600118FBE /* LocationDetailView.swift in Sources */ = {isa = PBXBuildFile; fileRef = C6A851F52BE6714600118FBE /* LocationDetailView.swift */; };
		C6A851FB2BE67A3200118FBE /* SearchBarView.swift in Sources */ = {isa = PBXBuildFile; fileRef = C6A851FA2BE67A3200118FBE /* SearchBarView.swift */; };
		C6AD4FEA2B7BA63B0051EB8D /* User.swift in Sources */ = {isa = PBXBuildFile; fileRef = C6AD4FE92B7BA63B0051EB8D /* User.swift */; };
		C6AD4FEC2B7BAEC30051EB8D /* CurrentUserProfileView.swift in Sources */ = {isa = PBXBuildFile; fileRef = C6AD4FEB2B7BAEC30051EB8D /* CurrentUserProfileView.swift */; };
		C6AD4FEE2B7BB2AB0051EB8D /* Post.swift in Sources */ = {isa = PBXBuildFile; fileRef = C6AD4FED2B7BB2AB0051EB8D /* Post.swift */; };
		C6AD4FF02B7BB99B0051EB8D /* PostGridView.swift in Sources */ = {isa = PBXBuildFile; fileRef = C6AD4FEF2B7BB99B0051EB8D /* PostGridView.swift */; };
		C6AD4FF22B7CBE340051EB8D /* ProfileHeaderView.swift in Sources */ = {isa = PBXBuildFile; fileRef = C6AD4FF12B7CBE330051EB8D /* ProfileHeaderView.swift */; };
		C6AD4FF42B7CC3E20051EB8D /* UploadPostView.swift in Sources */ = {isa = PBXBuildFile; fileRef = C6AD4FF32B7CC3E20051EB8D /* UploadPostView.swift */; };
		C6AD4FF62B7CF70C0051EB8D /* UploadPostViewModel.swift in Sources */ = {isa = PBXBuildFile; fileRef = C6AD4FF52B7CF70C0051EB8D /* UploadPostViewModel.swift */; };
		C6AD50072B7D05280051EB8D /* AuthService.swift in Sources */ = {isa = PBXBuildFile; fileRef = C6AD50062B7D05280051EB8D /* AuthService.swift */; };
		C6AD500B2B7D12E80051EB8D /* ContentViewModel.swift in Sources */ = {isa = PBXBuildFile; fileRef = C6AD500A2B7D12E80051EB8D /* ContentViewModel.swift */; };
		C6AD500E2B7D166A0051EB8D /* RegistrationViewModel.swift in Sources */ = {isa = PBXBuildFile; fileRef = C6AD500D2B7D166A0051EB8D /* RegistrationViewModel.swift */; };
		C6D5929D2BF204F6006F57ED /* Extentions.swift in Sources */ = {isa = PBXBuildFile; fileRef = C6D5929C2BF204F6006F57ED /* Extentions.swift */; };
		C6DCA4892C08CFF200BB2EC4 /* NotificationsView.swift in Sources */ = {isa = PBXBuildFile; fileRef = C6DCA4882C08CFF200BB2EC4 /* NotificationsView.swift */; };
		C6DCA48B2C08CFFC00BB2EC4 /* NotificationCell.swift in Sources */ = {isa = PBXBuildFile; fileRef = C6DCA48A2C08CFFC00BB2EC4 /* NotificationCell.swift */; };
		C6DCA48D2C08D26400BB2EC4 /* Notification.swift in Sources */ = {isa = PBXBuildFile; fileRef = C6DCA48C2C08D26300BB2EC4 /* Notification.swift */; };
		C6DCA48F2C08D3E900BB2EC4 /* NotificationViewModel.swift in Sources */ = {isa = PBXBuildFile; fileRef = C6DCA48E2C08D3E900BB2EC4 /* NotificationViewModel.swift */; };
		C6DCA49C2C11D67B00BB2EC4 /* SavedPost.swift in Sources */ = {isa = PBXBuildFile; fileRef = C6DCA49B2C11D67B00BB2EC4 /* SavedPost.swift */; };
		C6DCA49E2C132FF900BB2EC4 /* RealmWrapper.swift in Sources */ = {isa = PBXBuildFile; fileRef = C6DCA49D2C132FF900BB2EC4 /* RealmWrapper.swift */; };
		C6DCA4A02C163BE000BB2EC4 /* SavedPostsViewModel.swift in Sources */ = {isa = PBXBuildFile; fileRef = C6DCA49F2C163BE000BB2EC4 /* SavedPostsViewModel.swift */; };
		C6DCA4A22C1659B100BB2EC4 /* SavedFeedView.swift in Sources */ = {isa = PBXBuildFile; fileRef = C6DCA4A12C1659B100BB2EC4 /* SavedFeedView.swift */; };
/* End PBXBuildFile section */

/* Begin PBXFileReference section */
		024E033507F45C4D098D7837 /* Pods-Instagram.debug.xcconfig */ = {isa = PBXFileReference; includeInIndex = 1; lastKnownFileType = text.xcconfig; name = "Pods-Instagram.debug.xcconfig"; path = "Target Support Files/Pods-Instagram/Pods-Instagram.debug.xcconfig"; sourceTree = "<group>"; };
		7CA1F65F83801F78D203257A /* Pods-Instagram.release.xcconfig */ = {isa = PBXFileReference; includeInIndex = 1; lastKnownFileType = text.xcconfig; name = "Pods-Instagram.release.xcconfig"; path = "Target Support Files/Pods-Instagram/Pods-Instagram.release.xcconfig"; sourceTree = "<group>"; };
		C60BA7442B9896FA0037D99B /* EditProfileView.swift */ = {isa = PBXFileReference; lastKnownFileType = sourcecode.swift; path = EditProfileView.swift; sourceTree = "<group>"; };
		C60BA7482B989C9C0037D99B /* EditProfileViewModel.swift */ = {isa = PBXFileReference; lastKnownFileType = sourcecode.swift; path = EditProfileViewModel.swift; sourceTree = "<group>"; };
		C60EF31B2B7E09BD00CB7E06 /* LoginViewModel.swift */ = {isa = PBXFileReference; lastKnownFileType = sourcecode.swift; path = LoginViewModel.swift; sourceTree = "<group>"; };
		C60EF3212B7E45B000CB7E06 /* SearchViewModel.swift */ = {isa = PBXFileReference; lastKnownFileType = sourcecode.swift; path = SearchViewModel.swift; sourceTree = "<group>"; };
		C610A1E32BF34FCB00D6A3E4 /* InstagramRelease.entitlements */ = {isa = PBXFileReference; lastKnownFileType = text.plist.entitlements; path = InstagramRelease.entitlements; sourceTree = "<group>"; };
		C670F68D2B220C0C00EF8D57 /* Instagram.app */ = {isa = PBXFileReference; explicitFileType = wrapper.application; includeInIndex = 0; path = Instagram.app; sourceTree = BUILT_PRODUCTS_DIR; };
		C670F6902B220C0C00EF8D57 /* InstagramApp.swift */ = {isa = PBXFileReference; lastKnownFileType = sourcecode.swift; path = InstagramApp.swift; sourceTree = "<group>"; };
		C670F6922B220C0C00EF8D57 /* ContentView.swift */ = {isa = PBXFileReference; lastKnownFileType = sourcecode.swift; path = ContentView.swift; sourceTree = "<group>"; };
		C670F6942B220C0E00EF8D57 /* Assets.xcassets */ = {isa = PBXFileReference; lastKnownFileType = folder.assetcatalog; path = Assets.xcassets; sourceTree = "<group>"; };
		C670F6972B220C0E00EF8D57 /* Preview Assets.xcassets */ = {isa = PBXFileReference; lastKnownFileType = folder.assetcatalog; path = "Preview Assets.xcassets"; sourceTree = "<group>"; };
		C670F6A92B22128E00EF8D57 /* MainTabView.swift */ = {isa = PBXFileReference; lastKnownFileType = sourcecode.swift; path = MainTabView.swift; sourceTree = "<group>"; };
		C670F6AB2B22139800EF8D57 /* ProfileView.swift */ = {isa = PBXFileReference; lastKnownFileType = sourcecode.swift; path = ProfileView.swift; sourceTree = "<group>"; };
		C670F6AE2B2219A200EF8D57 /* UserStatView.swift */ = {isa = PBXFileReference; lastKnownFileType = sourcecode.swift; path = UserStatView.swift; sourceTree = "<group>"; };
		C670F6B02B23110900EF8D57 /* FeedView.swift */ = {isa = PBXFileReference; lastKnownFileType = sourcecode.swift; path = FeedView.swift; sourceTree = "<group>"; };
		C670F6B22B23115D00EF8D57 /* FeedCell.swift */ = {isa = PBXFileReference; lastKnownFileType = sourcecode.swift; path = FeedCell.swift; sourceTree = "<group>"; };
		C670F6B42B23312900EF8D57 /* SearchView.swift */ = {isa = PBXFileReference; lastKnownFileType = sourcecode.swift; path = SearchView.swift; sourceTree = "<group>"; };
		C670F6B62B23340200EF8D57 /* LoginView.swift */ = {isa = PBXFileReference; lastKnownFileType = sourcecode.swift; path = LoginView.swift; sourceTree = "<group>"; };
		C670F6B82B24B34F00EF8D57 /* AddEmailView.swift */ = {isa = PBXFileReference; lastKnownFileType = sourcecode.swift; path = AddEmailView.swift; sourceTree = "<group>"; };
		C670F6BA2B24B6F000EF8D57 /* IGTextFieldModifier.swift */ = {isa = PBXFileReference; lastKnownFileType = sourcecode.swift; path = IGTextFieldModifier.swift; sourceTree = "<group>"; };
		C670F6BC2B24B7FF00EF8D57 /* CreateUsernameView.swift */ = {isa = PBXFileReference; lastKnownFileType = sourcecode.swift; path = CreateUsernameView.swift; sourceTree = "<group>"; };
		C670F6BE2B24BD7700EF8D57 /* CreatePasswordView.swift */ = {isa = PBXFileReference; lastKnownFileType = sourcecode.swift; path = CreatePasswordView.swift; sourceTree = "<group>"; };
		C670F6C02B24BFD600EF8D57 /* CompletedSignUp.swift */ = {isa = PBXFileReference; lastKnownFileType = sourcecode.swift; path = CompletedSignUp.swift; sourceTree = "<group>"; };
		C67666312C009F84008BDD3A /* Timestamp.swift */ = {isa = PBXFileReference; lastKnownFileType = sourcecode.swift; path = Timestamp.swift; sourceTree = "<group>"; };
		C67666332C00C967008BDD3A /* Constants.swift */ = {isa = PBXFileReference; lastKnownFileType = sourcecode.swift; path = Constants.swift; sourceTree = "<group>"; };
		C67666352C00CF4E008BDD3A /* ProfileViewModel.swift */ = {isa = PBXFileReference; lastKnownFileType = sourcecode.swift; path = ProfileViewModel.swift; sourceTree = "<group>"; };
		C67666372C00F4ED008BDD3A /* UserList.swift */ = {isa = PBXFileReference; lastKnownFileType = sourcecode.swift; path = UserList.swift; sourceTree = "<group>"; };
		C67666392C022C00008BDD3A /* UserListView.swift */ = {isa = PBXFileReference; lastKnownFileType = sourcecode.swift; path = UserListView.swift; sourceTree = "<group>"; };
		C676663B2C022C4D008BDD3A /* UserListViewModel.swift */ = {isa = PBXFileReference; lastKnownFileType = sourcecode.swift; path = UserListViewModel.swift; sourceTree = "<group>"; };
		C683A6612BFCADD200139DC8 /* CircularProfileImageView.swift */ = {isa = PBXFileReference; lastKnownFileType = sourcecode.swift; path = CircularProfileImageView.swift; sourceTree = "<group>"; };
		C683A6652BFCC5FD00139DC8 /* FeedViewModel.swift */ = {isa = PBXFileReference; lastKnownFileType = sourcecode.swift; path = FeedViewModel.swift; sourceTree = "<group>"; };
		C683A6692BFDDB0100139DC8 /* GoogleService-Info.plist */ = {isa = PBXFileReference; fileEncoding = 4; lastKnownFileType = text.plist.xml; path = "GoogleService-Info.plist"; sourceTree = "<group>"; };
		C683A66B2BFDE49100139DC8 /* PostGridViewModel.swift */ = {isa = PBXFileReference; lastKnownFileType = sourcecode.swift; path = PostGridViewModel.swift; sourceTree = "<group>"; };
		C683A66D2BFE14ED00139DC8 /* FeedCellViewModel.swift */ = {isa = PBXFileReference; lastKnownFileType = sourcecode.swift; path = FeedCellViewModel.swift; sourceTree = "<group>"; };
		C683A6752BFF5ECC00139DC8 /* CommentsView.swift */ = {isa = PBXFileReference; lastKnownFileType = sourcecode.swift; path = CommentsView.swift; sourceTree = "<group>"; };
		C683A6772BFF5ED900139DC8 /* CommentCell.swift */ = {isa = PBXFileReference; lastKnownFileType = sourcecode.swift; path = CommentCell.swift; sourceTree = "<group>"; };
		C683A6792BFF650700139DC8 /* Comment.swift */ = {isa = PBXFileReference; lastKnownFileType = sourcecode.swift; path = Comment.swift; sourceTree = "<group>"; };
		C683A67B2BFF668900139DC8 /* CommentsViewModel.swift */ = {isa = PBXFileReference; lastKnownFileType = sourcecode.swift; path = CommentsViewModel.swift; sourceTree = "<group>"; };
		C6A851F12BE6707E00118FBE /* MapView.swift */ = {isa = PBXFileReference; lastKnownFileType = sourcecode.swift; path = MapView.swift; sourceTree = "<group>"; };
		C6A851F32BE670F000118FBE /* MapViewModel.swift */ = {isa = PBXFileReference; lastKnownFileType = sourcecode.swift; path = MapViewModel.swift; sourceTree = "<group>"; };
		C6A851F52BE6714600118FBE /* LocationDetailView.swift */ = {isa = PBXFileReference; lastKnownFileType = sourcecode.swift; path = LocationDetailView.swift; sourceTree = "<group>"; };
		C6A851FA2BE67A3200118FBE /* SearchBarView.swift */ = {isa = PBXFileReference; lastKnownFileType = sourcecode.swift; path = SearchBarView.swift; sourceTree = "<group>"; };
		C6AD4FE92B7BA63B0051EB8D /* User.swift */ = {isa = PBXFileReference; lastKnownFileType = sourcecode.swift; path = User.swift; sourceTree = "<group>"; };
		C6AD4FEB2B7BAEC30051EB8D /* CurrentUserProfileView.swift */ = {isa = PBXFileReference; lastKnownFileType = sourcecode.swift; path = CurrentUserProfileView.swift; sourceTree = "<group>"; };
		C6AD4FED2B7BB2AB0051EB8D /* Post.swift */ = {isa = PBXFileReference; lastKnownFileType = sourcecode.swift; path = Post.swift; sourceTree = "<group>"; };
		C6AD4FEF2B7BB99B0051EB8D /* PostGridView.swift */ = {isa = PBXFileReference; lastKnownFileType = sourcecode.swift; path = PostGridView.swift; sourceTree = "<group>"; };
		C6AD4FF12B7CBE330051EB8D /* ProfileHeaderView.swift */ = {isa = PBXFileReference; lastKnownFileType = sourcecode.swift; path = ProfileHeaderView.swift; sourceTree = "<group>"; };
		C6AD4FF32B7CC3E20051EB8D /* UploadPostView.swift */ = {isa = PBXFileReference; lastKnownFileType = sourcecode.swift; path = UploadPostView.swift; sourceTree = "<group>"; };
		C6AD4FF52B7CF70C0051EB8D /* UploadPostViewModel.swift */ = {isa = PBXFileReference; lastKnownFileType = sourcecode.swift; path = UploadPostViewModel.swift; sourceTree = "<group>"; };
		C6AD50062B7D05280051EB8D /* AuthService.swift */ = {isa = PBXFileReference; lastKnownFileType = sourcecode.swift; path = AuthService.swift; sourceTree = "<group>"; };
		C6AD500A2B7D12E80051EB8D /* ContentViewModel.swift */ = {isa = PBXFileReference; lastKnownFileType = sourcecode.swift; path = ContentViewModel.swift; sourceTree = "<group>"; };
		C6AD500D2B7D166A0051EB8D /* RegistrationViewModel.swift */ = {isa = PBXFileReference; lastKnownFileType = sourcecode.swift; path = RegistrationViewModel.swift; sourceTree = "<group>"; };
		C6D5929B2BEE71E1006F57ED /* Instagram.entitlements */ = {isa = PBXFileReference; lastKnownFileType = text.plist.entitlements; path = Instagram.entitlements; sourceTree = "<group>"; };
		C6D5929C2BF204F6006F57ED /* Extentions.swift */ = {isa = PBXFileReference; lastKnownFileType = sourcecode.swift; path = Extentions.swift; sourceTree = "<group>"; };
		C6DCA4882C08CFF200BB2EC4 /* NotificationsView.swift */ = {isa = PBXFileReference; lastKnownFileType = sourcecode.swift; path = NotificationsView.swift; sourceTree = "<group>"; };
		C6DCA48A2C08CFFC00BB2EC4 /* NotificationCell.swift */ = {isa = PBXFileReference; lastKnownFileType = sourcecode.swift; path = NotificationCell.swift; sourceTree = "<group>"; };
		C6DCA48C2C08D26300BB2EC4 /* Notification.swift */ = {isa = PBXFileReference; lastKnownFileType = sourcecode.swift; path = Notification.swift; sourceTree = "<group>"; };
		C6DCA48E2C08D3E900BB2EC4 /* NotificationViewModel.swift */ = {isa = PBXFileReference; lastKnownFileType = sourcecode.swift; path = NotificationViewModel.swift; sourceTree = "<group>"; };
		C6DCA49B2C11D67B00BB2EC4 /* SavedPost.swift */ = {isa = PBXFileReference; lastKnownFileType = sourcecode.swift; path = SavedPost.swift; sourceTree = "<group>"; };
		C6DCA49D2C132FF900BB2EC4 /* RealmWrapper.swift */ = {isa = PBXFileReference; lastKnownFileType = sourcecode.swift; path = RealmWrapper.swift; sourceTree = "<group>"; };
		C6DCA49F2C163BE000BB2EC4 /* SavedPostsViewModel.swift */ = {isa = PBXFileReference; lastKnownFileType = sourcecode.swift; path = SavedPostsViewModel.swift; sourceTree = "<group>"; };
		C6DCA4A12C1659B100BB2EC4 /* SavedFeedView.swift */ = {isa = PBXFileReference; lastKnownFileType = sourcecode.swift; path = SavedFeedView.swift; sourceTree = "<group>"; };
		C6F34BA32BF3592000612CB6 /* Info.plist */ = {isa = PBXFileReference; lastKnownFileType = text.plist; path = Info.plist; sourceTree = "<group>"; };
		F406C1CDF0BF3CF286AF1088 /* Pods_Instagram.framework */ = {isa = PBXFileReference; explicitFileType = wrapper.framework; includeInIndex = 0; path = Pods_Instagram.framework; sourceTree = BUILT_PRODUCTS_DIR; };
/* End PBXFileReference section */

/* Begin PBXFrameworksBuildPhase section */
		C670F68A2B220C0C00EF8D57 /* Frameworks */ = {
			isa = PBXFrameworksBuildPhase;
			buildActionMask = 2147483647;
			files = (
				5B717E9DDA7E8FF04A2C7ED4 /* Pods_Instagram.framework in Frameworks */,
			);
			runOnlyForDeploymentPostprocessing = 0;
		};
/* End PBXFrameworksBuildPhase section */

/* Begin PBXGroup section */
		5517B3C8474A3B0F3CC075B6 /* Frameworks */ = {
			isa = PBXGroup;
			children = (
				F406C1CDF0BF3CF286AF1088 /* Pods_Instagram.framework */,
			);
			name = Frameworks;
			sourceTree = "<group>";
		};
		84E04E8CDE6BC98A46683B73 /* Pods */ = {
			isa = PBXGroup;
			children = (
				024E033507F45C4D098D7837 /* Pods-Instagram.debug.xcconfig */,
				7CA1F65F83801F78D203257A /* Pods-Instagram.release.xcconfig */,
			);
			path = Pods;
			sourceTree = "<group>";
		};
		C60BA7462B989C4F0037D99B /* ViewModel */ = {
			isa = PBXGroup;
			children = (
				C60BA7482B989C9C0037D99B /* EditProfileViewModel.swift */,
				C67666352C00CF4E008BDD3A /* ProfileViewModel.swift */,
			);
			path = ViewModel;
			sourceTree = "<group>";
		};
		C60BA7472B989C600037D99B /* View */ = {
			isa = PBXGroup;
			children = (
				C6AD4FEB2B7BAEC30051EB8D /* CurrentUserProfileView.swift */,
				C670F6AB2B22139800EF8D57 /* ProfileView.swift */,
				C6AD4FF12B7CBE330051EB8D /* ProfileHeaderView.swift */,
				C60BA7442B9896FA0037D99B /* EditProfileView.swift */,
			);
			path = View;
			sourceTree = "<group>";
		};
		C60EF31F2B7E459B00CB7E06 /* View */ = {
			isa = PBXGroup;
			children = (
				C670F6B42B23312900EF8D57 /* SearchView.swift */,
			);
			path = View;
			sourceTree = "<group>";
		};
		C60EF3202B7E45A200CB7E06 /* ViewModel */ = {
			isa = PBXGroup;
			children = (
				C60EF3212B7E45B000CB7E06 /* SearchViewModel.swift */,
			);
			path = ViewModel;
			sourceTree = "<group>";
		};
		C670F6842B220C0C00EF8D57 = {
			isa = PBXGroup;
			children = (
				C670F68F2B220C0C00EF8D57 /* Instagram */,
				C670F68E2B220C0C00EF8D57 /* Products */,
				84E04E8CDE6BC98A46683B73 /* Pods */,
				5517B3C8474A3B0F3CC075B6 /* Frameworks */,
			);
			sourceTree = "<group>";
		};
		C670F68E2B220C0C00EF8D57 /* Products */ = {
			isa = PBXGroup;
			children = (
				C670F68D2B220C0C00EF8D57 /* Instagram.app */,
			);
			name = Products;
			sourceTree = "<group>";
		};
		C670F68F2B220C0C00EF8D57 /* Instagram */ = {
			isa = PBXGroup;
			children = (
				C6F34BA32BF3592000612CB6 /* Info.plist */,
				C610A1E32BF34FCB00D6A3E4 /* InstagramRelease.entitlements */,
				C6D5929B2BEE71E1006F57ED /* Instagram.entitlements */,
				C6AD4FE82B7BA62D0051EB8D /* Model */,
				C670F6A02B2211C600EF8D57 /* Extentions */,
				C670F69F2B2211C100EF8D57 /* Core */,
				C670F69E2B2211BA00EF8D57 /* App */,
				C670F6942B220C0E00EF8D57 /* Assets.xcassets */,
				C683A6692BFDDB0100139DC8 /* GoogleService-Info.plist */,
				C670F6962B220C0E00EF8D57 /* Preview Content */,
			);
			path = Instagram;
			sourceTree = "<group>";
		};
		C670F6962B220C0E00EF8D57 /* Preview Content */ = {
			isa = PBXGroup;
			children = (
				C670F6972B220C0E00EF8D57 /* Preview Assets.xcassets */,
			);
			path = "Preview Content";
			sourceTree = "<group>";
		};
		C670F69E2B2211BA00EF8D57 /* App */ = {
			isa = PBXGroup;
			children = (
				C670F6902B220C0C00EF8D57 /* InstagramApp.swift */,
			);
			path = App;
			sourceTree = "<group>";
		};
		C670F69F2B2211C100EF8D57 /* Core */ = {
			isa = PBXGroup;
			children = (
				C6DCA4852C08CFB100BB2EC4 /* Notifications */,
				C683A6722BFF5E7900139DC8 /* Comments */,
				C670F6AD2B22198B00EF8D57 /* Components */,
				C670F6A62B22120E00EF8D57 /* Search */,
				C670F6A52B22120700EF8D57 /* Root */,
				C670F6A42B22120100EF8D57 /* Profile */,
				C670F6A22B2211E800EF8D57 /* Authentication */,
				C670F6A32B2211F800EF8D57 /* Feed */,
				C670F6A72B22122B00EF8D57 /* TabBar */,
				C670F6A82B22123C00EF8D57 /* UploadPost */,
			);
			path = Core;
			sourceTree = "<group>";
		};
		C670F6A02B2211C600EF8D57 /* Extentions */ = {
			isa = PBXGroup;
			children = (
				C6D5929C2BF204F6006F57ED /* Extentions.swift */,
				C67666312C009F84008BDD3A /* Timestamp.swift */,
				C67666332C00C967008BDD3A /* Constants.swift */,
			);
			path = Extentions;
			sourceTree = "<group>";
		};
		C670F6A22B2211E800EF8D57 /* Authentication */ = {
			isa = PBXGroup;
			children = (
				C6AD50042B7D05060051EB8D /* View */,
				C6AD500C2B7D164C0051EB8D /* View Model */,
				C6AD50052B7D05170051EB8D /* Service */,
			);
			path = Authentication;
			sourceTree = "<group>";
		};
		C670F6A32B2211F800EF8D57 /* Feed */ = {
			isa = PBXGroup;
			children = (
				C683A6642BFCC5DF00139DC8 /* View */,
				C683A6632BFCC5D700139DC8 /* ViewModel */,
			);
			path = Feed;
			sourceTree = "<group>";
		};
		C670F6A42B22120100EF8D57 /* Profile */ = {
			isa = PBXGroup;
			children = (
				C60BA7472B989C600037D99B /* View */,
				C60BA7462B989C4F0037D99B /* ViewModel */,
			);
			path = Profile;
			sourceTree = "<group>";
		};
		C670F6A52B22120700EF8D57 /* Root */ = {
			isa = PBXGroup;
			children = (
				C6AD50092B7D12BB0051EB8D /* View Model */,
				C6AD50082B7D12B20051EB8D /* View */,
			);
			path = Root;
			sourceTree = "<group>";
		};
		C670F6A62B22120E00EF8D57 /* Search */ = {
			isa = PBXGroup;
			children = (
				C60EF3202B7E45A200CB7E06 /* ViewModel */,
				C60EF31F2B7E459B00CB7E06 /* View */,
			);
			path = Search;
			sourceTree = "<group>";
		};
		C670F6A72B22122B00EF8D57 /* TabBar */ = {
			isa = PBXGroup;
			children = (
				C670F6A92B22128E00EF8D57 /* MainTabView.swift */,
			);
			path = TabBar;
			sourceTree = "<group>";
		};
		C670F6A82B22123C00EF8D57 /* UploadPost */ = {
			isa = PBXGroup;
			children = (
				C6A851FC2BE8F35900118FBE /* View */,
				C6A851F72BE6718B00118FBE /* View Model */,
			);
			path = UploadPost;
			sourceTree = "<group>";
		};
		C670F6AD2B22198B00EF8D57 /* Components */ = {
			isa = PBXGroup;
			children = (
				C683A6682BFCCE4000139DC8 /* ViewModel */,
				C683A6672BFCCE3A00139DC8 /* View */,
				C670F6BA2B24B6F000EF8D57 /* IGTextFieldModifier.swift */,
			);
			path = Components;
			sourceTree = "<group>";
		};
		C683A6632BFCC5D700139DC8 /* ViewModel */ = {
			isa = PBXGroup;
			children = (
				C683A6652BFCC5FD00139DC8 /* FeedViewModel.swift */,
				C683A66D2BFE14ED00139DC8 /* FeedCellViewModel.swift */,
				C6DCA49F2C163BE000BB2EC4 /* SavedPostsViewModel.swift */,
			);
			path = ViewModel;
			sourceTree = "<group>";
		};
		C683A6642BFCC5DF00139DC8 /* View */ = {
			isa = PBXGroup;
			children = (
				C670F6B02B23110900EF8D57 /* FeedView.swift */,
				C670F6B22B23115D00EF8D57 /* FeedCell.swift */,
				C6DCA4A12C1659B100BB2EC4 /* SavedFeedView.swift */,
			);
			path = View;
			sourceTree = "<group>";
		};
		C683A6672BFCCE3A00139DC8 /* View */ = {
			isa = PBXGroup;
			children = (
				C670F6AE2B2219A200EF8D57 /* UserStatView.swift */,
				C6AD4FEF2B7BB99B0051EB8D /* PostGridView.swift */,
				C683A6612BFCADD200139DC8 /* CircularProfileImageView.swift */,
				C67666392C022C00008BDD3A /* UserListView.swift */,
			);
			path = View;
			sourceTree = "<group>";
		};
		C683A6682BFCCE4000139DC8 /* ViewModel */ = {
			isa = PBXGroup;
			children = (
				C683A66B2BFDE49100139DC8 /* PostGridViewModel.swift */,
				C676663B2C022C4D008BDD3A /* UserListViewModel.swift */,
			);
			path = ViewModel;
			sourceTree = "<group>";
		};
		C683A6722BFF5E7900139DC8 /* Comments */ = {
			isa = PBXGroup;
			children = (
				C683A6742BFF5EA600139DC8 /* View */,
				C683A6732BFF5E8100139DC8 /* View Model */,
			);
			path = Comments;
			sourceTree = "<group>";
		};
		C683A6732BFF5E8100139DC8 /* View Model */ = {
			isa = PBXGroup;
			children = (
				C683A67B2BFF668900139DC8 /* CommentsViewModel.swift */,
			);
			path = "View Model";
			sourceTree = "<group>";
		};
		C683A6742BFF5EA600139DC8 /* View */ = {
			isa = PBXGroup;
			children = (
				C683A6752BFF5ECC00139DC8 /* CommentsView.swift */,
				C683A6772BFF5ED900139DC8 /* CommentCell.swift */,
			);
			path = View;
			sourceTree = "<group>";
		};
		C6A851F72BE6718B00118FBE /* View Model */ = {
			isa = PBXGroup;
			children = (
				C6A851F32BE670F000118FBE /* MapViewModel.swift */,
				C6AD4FF52B7CF70C0051EB8D /* UploadPostViewModel.swift */,
			);
			path = "View Model";
			sourceTree = "<group>";
		};
		C6A851FC2BE8F35900118FBE /* View */ = {
			isa = PBXGroup;
			children = (
				C6A851F12BE6707E00118FBE /* MapView.swift */,
				C6A851F52BE6714600118FBE /* LocationDetailView.swift */,
				C6AD4FF32B7CC3E20051EB8D /* UploadPostView.swift */,
				C6A851FA2BE67A3200118FBE /* SearchBarView.swift */,
			);
			path = View;
			sourceTree = "<group>";
		};
		C6AD4FE82B7BA62D0051EB8D /* Model */ = {
			isa = PBXGroup;
			children = (
				C6AD4FE92B7BA63B0051EB8D /* User.swift */,
				C6AD4FED2B7BB2AB0051EB8D /* Post.swift */,
				C683A6792BFF650700139DC8 /* Comment.swift */,
				C67666372C00F4ED008BDD3A /* UserList.swift */,
				C6DCA48C2C08D26300BB2EC4 /* Notification.swift */,
				C6DCA49B2C11D67B00BB2EC4 /* SavedPost.swift */,
				C6DCA49D2C132FF900BB2EC4 /* RealmWrapper.swift */,
			);
			path = Model;
			sourceTree = "<group>";
		};
		C6AD50042B7D05060051EB8D /* View */ = {
			isa = PBXGroup;
			children = (
				C670F6B62B23340200EF8D57 /* LoginView.swift */,
				C670F6B82B24B34F00EF8D57 /* AddEmailView.swift */,
				C670F6BC2B24B7FF00EF8D57 /* CreateUsernameView.swift */,
				C670F6BE2B24BD7700EF8D57 /* CreatePasswordView.swift */,
				C670F6C02B24BFD600EF8D57 /* CompletedSignUp.swift */,
			);
			path = View;
			sourceTree = "<group>";
		};
		C6AD50052B7D05170051EB8D /* Service */ = {
			isa = PBXGroup;
			children = (
				C6AD50062B7D05280051EB8D /* AuthService.swift */,
			);
			path = Service;
			sourceTree = "<group>";
		};
		C6AD50082B7D12B20051EB8D /* View */ = {
			isa = PBXGroup;
			children = (
				C670F6922B220C0C00EF8D57 /* ContentView.swift */,
			);
			path = View;
			sourceTree = "<group>";
		};
		C6AD50092B7D12BB0051EB8D /* View Model */ = {
			isa = PBXGroup;
			children = (
				C6AD500A2B7D12E80051EB8D /* ContentViewModel.swift */,
			);
			path = "View Model";
			sourceTree = "<group>";
		};
		C6AD500C2B7D164C0051EB8D /* View Model */ = {
			isa = PBXGroup;
			children = (
				C6AD500D2B7D166A0051EB8D /* RegistrationViewModel.swift */,
				C60EF31B2B7E09BD00CB7E06 /* LoginViewModel.swift */,
			);
			path = "View Model";
			sourceTree = "<group>";
		};
		C6DCA4852C08CFB100BB2EC4 /* Notifications */ = {
			isa = PBXGroup;
			children = (
				C6DCA4872C08CFD500BB2EC4 /* ViewModel */,
				C6DCA4862C08CFCE00BB2EC4 /* View */,
			);
			path = Notifications;
			sourceTree = "<group>";
		};
		C6DCA4862C08CFCE00BB2EC4 /* View */ = {
			isa = PBXGroup;
			children = (
				C6DCA4882C08CFF200BB2EC4 /* NotificationsView.swift */,
				C6DCA48A2C08CFFC00BB2EC4 /* NotificationCell.swift */,
			);
			path = View;
			sourceTree = "<group>";
		};
		C6DCA4872C08CFD500BB2EC4 /* ViewModel */ = {
			isa = PBXGroup;
			children = (
				C6DCA48E2C08D3E900BB2EC4 /* NotificationViewModel.swift */,
			);
			path = ViewModel;
			sourceTree = "<group>";
		};
/* End PBXGroup section */

/* Begin PBXNativeTarget section */
		C670F68C2B220C0C00EF8D57 /* Instagram */ = {
			isa = PBXNativeTarget;
			buildConfigurationList = C670F69B2B220C0E00EF8D57 /* Build configuration list for PBXNativeTarget "Instagram" */;
			buildPhases = (
				FBE7BCE3DC27CD70E6506759 /* [CP] Check Pods Manifest.lock */,
				C670F6892B220C0C00EF8D57 /* Sources */,
				C670F68A2B220C0C00EF8D57 /* Frameworks */,
				C670F68B2B220C0C00EF8D57 /* Resources */,
				8F321ACAC74A9DAD00815DFD /* [CP] Embed Pods Frameworks */,
			);
			buildRules = (
			);
			dependencies = (
			);
			name = Instagram;
			productName = Instagram;
			productReference = C670F68D2B220C0C00EF8D57 /* Instagram.app */;
			productType = "com.apple.product-type.application";
		};
/* End PBXNativeTarget section */

/* Begin PBXProject section */
		C670F6852B220C0C00EF8D57 /* Project object */ = {
			isa = PBXProject;
			attributes = {
				BuildIndependentTargetsInParallel = 1;
				LastSwiftUpdateCheck = 1500;
				LastUpgradeCheck = 1500;
				TargetAttributes = {
					C670F68C2B220C0C00EF8D57 = {
						CreatedOnToolsVersion = 15.0.1;
					};
				};
			};
			buildConfigurationList = C670F6882B220C0C00EF8D57 /* Build configuration list for PBXProject "Instagram" */;
			compatibilityVersion = "Xcode 14.0";
			developmentRegion = en;
			hasScannedForEncodings = 0;
			knownRegions = (
				en,
				Base,
			);
			mainGroup = C670F6842B220C0C00EF8D57;
			productRefGroup = C670F68E2B220C0C00EF8D57 /* Products */;
			projectDirPath = "";
			projectRoot = "";
			targets = (
				C670F68C2B220C0C00EF8D57 /* Instagram */,
			);
		};
/* End PBXProject section */

/* Begin PBXResourcesBuildPhase section */
		C670F68B2B220C0C00EF8D57 /* Resources */ = {
			isa = PBXResourcesBuildPhase;
			buildActionMask = 2147483647;
			files = (
				C670F6982B220C0E00EF8D57 /* Preview Assets.xcassets in Resources */,
				C670F6952B220C0E00EF8D57 /* Assets.xcassets in Resources */,
				C683A66A2BFDDB0100139DC8 /* GoogleService-Info.plist in Resources */,
			);
			runOnlyForDeploymentPostprocessing = 0;
		};
/* End PBXResourcesBuildPhase section */

/* Begin PBXShellScriptBuildPhase section */
		8F321ACAC74A9DAD00815DFD /* [CP] Embed Pods Frameworks */ = {
			isa = PBXShellScriptBuildPhase;
			buildActionMask = 2147483647;
			files = (
			);
			inputFileListPaths = (
				"${PODS_ROOT}/Target Support Files/Pods-Instagram/Pods-Instagram-frameworks-${CONFIGURATION}-input-files.xcfilelist",
			);
			name = "[CP] Embed Pods Frameworks";
			outputFileListPaths = (
				"${PODS_ROOT}/Target Support Files/Pods-Instagram/Pods-Instagram-frameworks-${CONFIGURATION}-output-files.xcfilelist",
			);
			runOnlyForDeploymentPostprocessing = 0;
			shellPath = /bin/sh;
			shellScript = "\"${PODS_ROOT}/Target Support Files/Pods-Instagram/Pods-Instagram-frameworks.sh\"\n";
			showEnvVarsInLog = 0;
		};
		FBE7BCE3DC27CD70E6506759 /* [CP] Check Pods Manifest.lock */ = {
			isa = PBXShellScriptBuildPhase;
			buildActionMask = 2147483647;
			files = (
			);
			inputFileListPaths = (
			);
			inputPaths = (
				"${PODS_PODFILE_DIR_PATH}/Podfile.lock",
				"${PODS_ROOT}/Manifest.lock",
			);
			name = "[CP] Check Pods Manifest.lock";
			outputFileListPaths = (
			);
			outputPaths = (
				"$(DERIVED_FILE_DIR)/Pods-Instagram-checkManifestLockResult.txt",
			);
			runOnlyForDeploymentPostprocessing = 0;
			shellPath = /bin/sh;
			shellScript = "diff \"${PODS_PODFILE_DIR_PATH}/Podfile.lock\" \"${PODS_ROOT}/Manifest.lock\" > /dev/null\nif [ $? != 0 ] ; then\n    # print error to STDERR\n    echo \"error: The sandbox is not in sync with the Podfile.lock. Run 'pod install' or update your CocoaPods installation.\" >&2\n    exit 1\nfi\n# This output is used by Xcode 'outputs' to avoid re-running this script phase.\necho \"SUCCESS\" > \"${SCRIPT_OUTPUT_FILE_0}\"\n";
			showEnvVarsInLog = 0;
		};
/* End PBXShellScriptBuildPhase section */

/* Begin PBXSourcesBuildPhase section */
		C670F6892B220C0C00EF8D57 /* Sources */ = {
			isa = PBXSourcesBuildPhase;
			buildActionMask = 2147483647;
			files = (
				C67666382C00F4ED008BDD3A /* UserList.swift in Sources */,
				C67666322C009F84008BDD3A /* Timestamp.swift in Sources */,
				C6A851F42BE670F000118FBE /* MapViewModel.swift in Sources */,
				C670F6B32B23115D00EF8D57 /* FeedCell.swift in Sources */,
				C6AD4FF42B7CC3E20051EB8D /* UploadPostView.swift in Sources */,
				C670F6AC2B22139800EF8D57 /* ProfileView.swift in Sources */,
				C6DCA48B2C08CFFC00BB2EC4 /* NotificationCell.swift in Sources */,
				C670F6932B220C0C00EF8D57 /* ContentView.swift in Sources */,
				C683A67C2BFF668900139DC8 /* CommentsViewModel.swift in Sources */,
				C670F6B72B23340200EF8D57 /* LoginView.swift in Sources */,
				C67666342C00C967008BDD3A /* Constants.swift in Sources */,
				C60BA7492B989C9C0037D99B /* EditProfileViewModel.swift in Sources */,
				C676663C2C022C4E008BDD3A /* UserListViewModel.swift in Sources */,
				C6AD50072B7D05280051EB8D /* AuthService.swift in Sources */,
				C6A851F22BE6707E00118FBE /* MapView.swift in Sources */,
				C6AD4FEE2B7BB2AB0051EB8D /* Post.swift in Sources */,
				C6DCA48D2C08D26400BB2EC4 /* Notification.swift in Sources */,
				C683A66C2BFDE49100139DC8 /* PostGridViewModel.swift in Sources */,
				C670F6912B220C0C00EF8D57 /* InstagramApp.swift in Sources */,
				C6AD4FEC2B7BAEC30051EB8D /* CurrentUserProfileView.swift in Sources */,
				C6DCA48F2C08D3E900BB2EC4 /* NotificationViewModel.swift in Sources */,
				C676663A2C022C00008BDD3A /* UserListView.swift in Sources */,
				C670F6B92B24B34F00EF8D57 /* AddEmailView.swift in Sources */,
				C683A6622BFCADD200139DC8 /* CircularProfileImageView.swift in Sources */,
				C6DCA4A22C1659B100BB2EC4 /* SavedFeedView.swift in Sources */,
				C6DCA49E2C132FF900BB2EC4 /* RealmWrapper.swift in Sources */,
				C67666362C00CF4E008BDD3A /* ProfileViewModel.swift in Sources */,
				C6AD4FF02B7BB99B0051EB8D /* PostGridView.swift in Sources */,
				C6DCA4892C08CFF200BB2EC4 /* NotificationsView.swift in Sources */,
				C6D5929D2BF204F6006F57ED /* Extentions.swift in Sources */,
				C6A851FB2BE67A3200118FBE /* SearchBarView.swift in Sources */,
				C670F6BD2B24B7FF00EF8D57 /* CreateUsernameView.swift in Sources */,
				C6AD500B2B7D12E80051EB8D /* ContentViewModel.swift in Sources */,
				C683A6762BFF5ECC00139DC8 /* CommentsView.swift in Sources */,
				C60BA7452B9896FA0037D99B /* EditProfileView.swift in Sources */,
				C60EF31C2B7E09BD00CB7E06 /* LoginViewModel.swift in Sources */,
				C6AD500E2B7D166A0051EB8D /* RegistrationViewModel.swift in Sources */,
				C683A66E2BFE14ED00139DC8 /* FeedCellViewModel.swift in Sources */,
				C6AD4FF62B7CF70C0051EB8D /* UploadPostViewModel.swift in Sources */,
				C683A6782BFF5ED900139DC8 /* CommentCell.swift in Sources */,
				C6AD4FF22B7CBE340051EB8D /* ProfileHeaderView.swift in Sources */,
				C6DCA4A02C163BE000BB2EC4 /* SavedPostsViewModel.swift in Sources */,
				C670F6B52B23312900EF8D57 /* SearchView.swift in Sources */,
				C683A6662BFCC5FD00139DC8 /* FeedViewModel.swift in Sources */,
				C6AD4FEA2B7BA63B0051EB8D /* User.swift in Sources */,
				C670F6BB2B24B6F000EF8D57 /* IGTextFieldModifier.swift in Sources */,
				C670F6C12B24BFD600EF8D57 /* CompletedSignUp.swift in Sources */,
				C6A851F62BE6714600118FBE /* LocationDetailView.swift in Sources */,
				C670F6AF2B2219A200EF8D57 /* UserStatView.swift in Sources */,
				C683A67A2BFF650700139DC8 /* Comment.swift in Sources */,
				C6DCA49C2C11D67B00BB2EC4 /* SavedPost.swift in Sources */,
				C670F6B12B23110900EF8D57 /* FeedView.swift in Sources */,
				C60EF3222B7E45B000CB7E06 /* SearchViewModel.swift in Sources */,
				C670F6AA2B22128E00EF8D57 /* MainTabView.swift in Sources */,
				C670F6BF2B24BD7700EF8D57 /* CreatePasswordView.swift in Sources */,
			);
			runOnlyForDeploymentPostprocessing = 0;
		};
/* End PBXSourcesBuildPhase section */

/* Begin XCBuildConfiguration section */
		C670F6992B220C0E00EF8D57 /* Debug */ = {
			isa = XCBuildConfiguration;
			buildSettings = {
				ALWAYS_SEARCH_USER_PATHS = NO;
				ASSETCATALOG_COMPILER_GENERATE_SWIFT_ASSET_SYMBOL_EXTENSIONS = YES;
				CLANG_ANALYZER_NONNULL = YES;
				CLANG_ANALYZER_NUMBER_OBJECT_CONVERSION = YES_AGGRESSIVE;
				CLANG_CXX_LANGUAGE_STANDARD = "gnu++20";
				CLANG_ENABLE_MODULES = YES;
				CLANG_ENABLE_OBJC_ARC = YES;
				CLANG_ENABLE_OBJC_WEAK = YES;
				CLANG_WARN_BLOCK_CAPTURE_AUTORELEASING = YES;
				CLANG_WARN_BOOL_CONVERSION = YES;
				CLANG_WARN_COMMA = YES;
				CLANG_WARN_CONSTANT_CONVERSION = YES;
				CLANG_WARN_DEPRECATED_OBJC_IMPLEMENTATIONS = YES;
				CLANG_WARN_DIRECT_OBJC_ISA_USAGE = YES_ERROR;
				CLANG_WARN_DOCUMENTATION_COMMENTS = YES;
				CLANG_WARN_EMPTY_BODY = YES;
				CLANG_WARN_ENUM_CONVERSION = YES;
				CLANG_WARN_INFINITE_RECURSION = YES;
				CLANG_WARN_INT_CONVERSION = YES;
				CLANG_WARN_NON_LITERAL_NULL_CONVERSION = YES;
				CLANG_WARN_OBJC_IMPLICIT_RETAIN_SELF = YES;
				CLANG_WARN_OBJC_LITERAL_CONVERSION = YES;
				CLANG_WARN_OBJC_ROOT_CLASS = YES_ERROR;
				CLANG_WARN_QUOTED_INCLUDE_IN_FRAMEWORK_HEADER = YES;
				CLANG_WARN_RANGE_LOOP_ANALYSIS = YES;
				CLANG_WARN_STRICT_PROTOTYPES = YES;
				CLANG_WARN_SUSPICIOUS_MOVE = YES;
				CLANG_WARN_UNGUARDED_AVAILABILITY = YES_AGGRESSIVE;
				CLANG_WARN_UNREACHABLE_CODE = YES;
				CLANG_WARN__DUPLICATE_METHOD_MATCH = YES;
				COPY_PHASE_STRIP = NO;
				DEBUG_INFORMATION_FORMAT = dwarf;
				ENABLE_STRICT_OBJC_MSGSEND = YES;
				ENABLE_TESTABILITY = YES;
				ENABLE_USER_SCRIPT_SANDBOXING = NO;
				GCC_C_LANGUAGE_STANDARD = gnu17;
				GCC_DYNAMIC_NO_PIC = NO;
				GCC_NO_COMMON_BLOCKS = YES;
				GCC_OPTIMIZATION_LEVEL = 0;
				GCC_PREPROCESSOR_DEFINITIONS = (
					"DEBUG=1",
					"$(inherited)",
				);
				GCC_WARN_64_TO_32_BIT_CONVERSION = YES;
				GCC_WARN_ABOUT_RETURN_TYPE = YES_ERROR;
				GCC_WARN_UNDECLARED_SELECTOR = YES;
				GCC_WARN_UNINITIALIZED_AUTOS = YES_AGGRESSIVE;
				GCC_WARN_UNUSED_FUNCTION = YES;
				GCC_WARN_UNUSED_VARIABLE = YES;
				IPHONEOS_DEPLOYMENT_TARGET = 17.0;
				LOCALIZATION_PREFERS_STRING_CATALOGS = YES;
				MTL_ENABLE_DEBUG_INFO = INCLUDE_SOURCE;
				MTL_FAST_MATH = YES;
				ONLY_ACTIVE_ARCH = YES;
				SDKROOT = iphoneos;
				SWIFT_ACTIVE_COMPILATION_CONDITIONS = "DEBUG $(inherited)";
				SWIFT_OPTIMIZATION_LEVEL = "-Onone";
			};
			name = Debug;
		};
		C670F69A2B220C0E00EF8D57 /* Release */ = {
			isa = XCBuildConfiguration;
			buildSettings = {
				ALWAYS_SEARCH_USER_PATHS = NO;
				ASSETCATALOG_COMPILER_GENERATE_SWIFT_ASSET_SYMBOL_EXTENSIONS = YES;
				CLANG_ANALYZER_NONNULL = YES;
				CLANG_ANALYZER_NUMBER_OBJECT_CONVERSION = YES_AGGRESSIVE;
				CLANG_CXX_LANGUAGE_STANDARD = "gnu++20";
				CLANG_ENABLE_MODULES = YES;
				CLANG_ENABLE_OBJC_ARC = YES;
				CLANG_ENABLE_OBJC_WEAK = YES;
				CLANG_WARN_BLOCK_CAPTURE_AUTORELEASING = YES;
				CLANG_WARN_BOOL_CONVERSION = YES;
				CLANG_WARN_COMMA = YES;
				CLANG_WARN_CONSTANT_CONVERSION = YES;
				CLANG_WARN_DEPRECATED_OBJC_IMPLEMENTATIONS = YES;
				CLANG_WARN_DIRECT_OBJC_ISA_USAGE = YES_ERROR;
				CLANG_WARN_DOCUMENTATION_COMMENTS = YES;
				CLANG_WARN_EMPTY_BODY = YES;
				CLANG_WARN_ENUM_CONVERSION = YES;
				CLANG_WARN_INFINITE_RECURSION = YES;
				CLANG_WARN_INT_CONVERSION = YES;
				CLANG_WARN_NON_LITERAL_NULL_CONVERSION = YES;
				CLANG_WARN_OBJC_IMPLICIT_RETAIN_SELF = YES;
				CLANG_WARN_OBJC_LITERAL_CONVERSION = YES;
				CLANG_WARN_OBJC_ROOT_CLASS = YES_ERROR;
				CLANG_WARN_QUOTED_INCLUDE_IN_FRAMEWORK_HEADER = YES;
				CLANG_WARN_RANGE_LOOP_ANALYSIS = YES;
				CLANG_WARN_STRICT_PROTOTYPES = YES;
				CLANG_WARN_SUSPICIOUS_MOVE = YES;
				CLANG_WARN_UNGUARDED_AVAILABILITY = YES_AGGRESSIVE;
				CLANG_WARN_UNREACHABLE_CODE = YES;
				CLANG_WARN__DUPLICATE_METHOD_MATCH = YES;
				COPY_PHASE_STRIP = NO;
				DEBUG_INFORMATION_FORMAT = "dwarf-with-dsym";
				ENABLE_NS_ASSERTIONS = NO;
				ENABLE_STRICT_OBJC_MSGSEND = YES;
				ENABLE_USER_SCRIPT_SANDBOXING = NO;
				GCC_C_LANGUAGE_STANDARD = gnu17;
				GCC_NO_COMMON_BLOCKS = YES;
				GCC_WARN_64_TO_32_BIT_CONVERSION = YES;
				GCC_WARN_ABOUT_RETURN_TYPE = YES_ERROR;
				GCC_WARN_UNDECLARED_SELECTOR = YES;
				GCC_WARN_UNINITIALIZED_AUTOS = YES_AGGRESSIVE;
				GCC_WARN_UNUSED_FUNCTION = YES;
				GCC_WARN_UNUSED_VARIABLE = YES;
				IPHONEOS_DEPLOYMENT_TARGET = 17.0;
				LOCALIZATION_PREFERS_STRING_CATALOGS = YES;
				MTL_ENABLE_DEBUG_INFO = NO;
				MTL_FAST_MATH = YES;
				SDKROOT = iphoneos;
				SWIFT_COMPILATION_MODE = wholemodule;
				VALIDATE_PRODUCT = YES;
			};
			name = Release;
		};
		C670F69C2B220C0E00EF8D57 /* Debug */ = {
			isa = XCBuildConfiguration;
			baseConfigurationReference = 024E033507F45C4D098D7837 /* Pods-Instagram.debug.xcconfig */;
			buildSettings = {
				ASSETCATALOG_COMPILER_APPICON_NAME = AppIcon;
				ASSETCATALOG_COMPILER_GLOBAL_ACCENT_COLOR_NAME = AccentColor;
				CODE_SIGN_ENTITLEMENTS = Instagram/Instagram.entitlements;
				CODE_SIGN_IDENTITY = "Apple Development";
				CODE_SIGN_STYLE = Automatic;
				CURRENT_PROJECT_VERSION = 1;
				DEVELOPMENT_ASSET_PATHS = "\"Instagram/Preview Content\"";
				DEVELOPMENT_TEAM = M8UGHY39JW;
				ENABLE_PREVIEWS = YES;
				GENERATE_INFOPLIST_FILE = YES;
				INFOPLIST_FILE = Instagram/Info.plist;
				INFOPLIST_KEY_NSLocalNetworkUsageDescription = "";
				INFOPLIST_KEY_NSLocationAlwaysUsageDescription = "We need your location to improve our services";
				INFOPLIST_KEY_NSLocationWhenInUseUsageDescription = "We need your location to show it on the map";
				INFOPLIST_KEY_NSPhotoLibraryAddUsageDescription = "This app needs access to save photos to your library";
				INFOPLIST_KEY_UIApplicationSceneManifest_Generation = YES;
				INFOPLIST_KEY_UIApplicationSupportsIndirectInputEvents = YES;
				INFOPLIST_KEY_UILaunchScreen_Generation = YES;
				INFOPLIST_KEY_UISupportedInterfaceOrientations = UIInterfaceOrientationPortrait;
				LD_RUNPATH_SEARCH_PATHS = (
					"$(inherited)",
					"@executable_path/Frameworks",
				);
				MARKETING_VERSION = 1.0;
				PRODUCT_BUNDLE_IDENTIFIER = com.marioban.Instagram;
				PRODUCT_NAME = "$(TARGET_NAME)";
				PROVISIONING_PROFILE_SPECIFIER = "";
				SWIFT_EMIT_LOC_STRINGS = YES;
				SWIFT_VERSION = 5.0;
				TARGETED_DEVICE_FAMILY = "1,2";
			};
			name = Debug;
		};
		C670F69D2B220C0E00EF8D57 /* Release */ = {
			isa = XCBuildConfiguration;
			baseConfigurationReference = 7CA1F65F83801F78D203257A /* Pods-Instagram.release.xcconfig */;
			buildSettings = {
				ASSETCATALOG_COMPILER_APPICON_NAME = AppIcon;
				ASSETCATALOG_COMPILER_GLOBAL_ACCENT_COLOR_NAME = AccentColor;
				CODE_SIGN_ENTITLEMENTS = Instagram/InstagramRelease.entitlements;
				CODE_SIGN_IDENTITY = "Apple Development";
				CODE_SIGN_STYLE = Automatic;
				CURRENT_PROJECT_VERSION = 1;
				DEVELOPMENT_ASSET_PATHS = "\"Instagram/Preview Content\"";
				DEVELOPMENT_TEAM = M8UGHY39JW;
				ENABLE_PREVIEWS = YES;
				GENERATE_INFOPLIST_FILE = YES;
				INFOPLIST_FILE = Instagram/Info.plist;
				INFOPLIST_KEY_NSLocalNetworkUsageDescription = "";
				INFOPLIST_KEY_NSLocationAlwaysUsageDescription = "We need your location to improve our services";
				INFOPLIST_KEY_NSLocationWhenInUseUsageDescription = "We need your location to show it on the map";
				INFOPLIST_KEY_NSPhotoLibraryAddUsageDescription = "This app needs access to save photos to your library";
				INFOPLIST_KEY_UIApplicationSceneManifest_Generation = YES;
				INFOPLIST_KEY_UIApplicationSupportsIndirectInputEvents = YES;
				INFOPLIST_KEY_UILaunchScreen_Generation = YES;
				INFOPLIST_KEY_UISupportedInterfaceOrientations = UIInterfaceOrientationPortrait;
				LD_RUNPATH_SEARCH_PATHS = (
					"$(inherited)",
					"@executable_path/Frameworks",
				);
				MARKETING_VERSION = 1.0;
				PRODUCT_BUNDLE_IDENTIFIER = com.marioban.Instagram;
				PRODUCT_NAME = "$(TARGET_NAME)";
				PROVISIONING_PROFILE_SPECIFIER = "";
				SWIFT_EMIT_LOC_STRINGS = YES;
				SWIFT_VERSION = 5.0;
				TARGETED_DEVICE_FAMILY = "1,2";
			};
			name = Release;
		};
/* End XCBuildConfiguration section */

/* Begin XCConfigurationList section */
		C670F6882B220C0C00EF8D57 /* Build configuration list for PBXProject "Instagram" */ = {
			isa = XCConfigurationList;
			buildConfigurations = (
				C670F6992B220C0E00EF8D57 /* Debug */,
				C670F69A2B220C0E00EF8D57 /* Release */,
			);
			defaultConfigurationIsVisible = 0;
			defaultConfigurationName = Release;
		};
		C670F69B2B220C0E00EF8D57 /* Build configuration list for PBXNativeTarget "Instagram" */ = {
			isa = XCConfigurationList;
			buildConfigurations = (
				C670F69C2B220C0E00EF8D57 /* Debug */,
				C670F69D2B220C0E00EF8D57 /* Release */,
			);
			defaultConfigurationIsVisible = 0;
			defaultConfigurationName = Release;
		};
/* End XCConfigurationList section */
	};
	rootObject = C670F6852B220C0C00EF8D57 /* Project object */;
}
